
Microsoft Visual Studio Solution File, Format Version 12.00
# Visual Studio 15
VisualStudioVersion = 15.0.27130.2003
MinimumVisualStudioVersion = 10.0.40219.1
Project("{FAE04EC0-301F-11D3-BF4B-00C04F79EFBC}") = "ContosoCookbook.Android", "ContosoCookbook\ContosoCookbook.Android\ContosoCookbook.Android.csproj", "{729112DF-76C2-4621-AB12-CC389629E20D}"
EndProject
Project("{FAE04EC0-301F-11D3-BF4B-00C04F79EFBC}") = "ContosoCookbook.iOS", "ContosoCookbook\ContosoCookbook.iOS\ContosoCookbook.iOS.csproj", "{D4814037-D7F7-4C3B-AF2A-00D989F2425C}"
EndProject
Project("{FAE04EC0-301F-11D3-BF4B-00C04F79EFBC}") = "ContosoCookbook.UWP", "ContosoCookbook\ContosoCookbook.UWP\ContosoCookbook.UWP.csproj", "{A82498F7-F0B3-4F62-8CFA-BFDEBCF60140}"
EndProject
Project("{FAE04EC0-301F-11D3-BF4B-00C04F79EFBC}") = "ContosoCookbook", "ContosoCookbook\ContosoCookbook\ContosoCookbook.csproj", "{C4016C26-1DB6-4D60-B425-973B6179697A}"
EndProject
Global
	GlobalSection(SolutionConfigurationPlatforms) = preSolution
		Ad-Hoc|Any CPU = Ad-Hoc|Any CPU
		Ad-Hoc|ARM = Ad-Hoc|ARM
		Ad-Hoc|iPhone = Ad-Hoc|iPhone
		Ad-Hoc|iPhoneSimulator = Ad-Hoc|iPhoneSimulator
		Ad-Hoc|x64 = Ad-Hoc|x64
		Ad-Hoc|x86 = Ad-Hoc|x86
		AppStore|Any CPU = AppStore|Any CPU
		AppStore|ARM = AppStore|ARM
		AppStore|iPhone = AppStore|iPhone
		AppStore|iPhoneSimulator = AppStore|iPhoneSimulator
		AppStore|x64 = AppStore|x64
		AppStore|x86 = AppStore|x86
		Debug|Any CPU = Debug|Any CPU
		Debug|ARM = Debug|ARM
		Debug|iPhone = Debug|iPhone
		Debug|iPhoneSimulator = Debug|iPhoneSimulator
		Debug|x64 = Debug|x64
		Debug|x86 = Debug|x86
		Release|Any CPU = Release|Any CPU
		Release|ARM = Release|ARM
		Release|iPhone = Release|iPhone
		Release|iPhoneSimulator = Release|iPhoneSimulator
		Release|x64 = Release|x64
		Release|x86 = Release|x86
	EndGlobalSection
	GlobalSection(ProjectConfigurationPlatforms) = postSolution
		{729112DF-76C2-4621-AB12-CC389629E20D}.Ad-Hoc|Any CPU.ActiveCfg = Release|Any CPU
		{729112DF-76C2-4621-AB12-CC389629E20D}.Ad-Hoc|Any CPU.Build.0 = Release|Any CPU
		{729112DF-76C2-4621-AB12-CC389629E20D}.Ad-Hoc|Any CPU.Deploy.0 = Release|Any CPU
		{729112DF-76C2-4621-AB12-CC389629E20D}.Ad-Hoc|ARM.ActiveCfg = Release|Any CPU
		{729112DF-76C2-4621-AB12-CC389629E20D}.Ad-Hoc|ARM.Build.0 = Release|Any CPU
		{729112DF-76C2-4621-AB12-CC389629E20D}.Ad-Hoc|ARM.Deploy.0 = Release|Any CPU
		{729112DF-76C2-4621-AB12-CC389629E20D}.Ad-Hoc|iPhone.ActiveCfg = Release|Any CPU
		{729112DF-76C2-4621-AB12-CC389629E20D}.Ad-Hoc|iPhone.Build.0 = Release|Any CPU
		{729112DF-76C2-4621-AB12-CC389629E20D}.Ad-Hoc|iPhone.Deploy.0 = Release|Any CPU
		{729112DF-76C2-4621-AB12-CC389629E20D}.Ad-Hoc|iPhoneSimulator.ActiveCfg = Release|Any CPU
		{729112DF-76C2-4621-AB12-CC389629E20D}.Ad-Hoc|iPhoneSimulator.Build.0 = Release|Any CPU
		{729112DF-76C2-4621-AB12-CC389629E20D}.Ad-Hoc|iPhoneSimulator.Deploy.0 = Release|Any CPU
		{729112DF-76C2-4621-AB12-CC389629E20D}.Ad-Hoc|x64.ActiveCfg = Release|Any CPU
		{729112DF-76C2-4621-AB12-CC389629E20D}.Ad-Hoc|x64.Build.0 = Release|Any CPU
		{729112DF-76C2-4621-AB12-CC389629E20D}.Ad-Hoc|x64.Deploy.0 = Release|Any CPU
		{729112DF-76C2-4621-AB12-CC389629E20D}.Ad-Hoc|x86.ActiveCfg = Release|Any CPU
		{729112DF-76C2-4621-AB12-CC389629E20D}.Ad-Hoc|x86.Build.0 = Release|Any CPU
		{729112DF-76C2-4621-AB12-CC389629E20D}.Ad-Hoc|x86.Deploy.0 = Release|Any CPU
		{729112DF-76C2-4621-AB12-CC389629E20D}.AppStore|Any CPU.ActiveCfg = Release|Any CPU
		{729112DF-76C2-4621-AB12-CC389629E20D}.AppStore|Any CPU.Build.0 = Release|Any CPU
		{729112DF-76C2-4621-AB12-CC389629E20D}.AppStore|Any CPU.Deploy.0 = Release|Any CPU
		{729112DF-76C2-4621-AB12-CC389629E20D}.AppStore|ARM.ActiveCfg = Release|Any CPU
		{729112DF-76C2-4621-AB12-CC389629E20D}.AppStore|ARM.Build.0 = Release|Any CPU
		{729112DF-76C2-4621-AB12-CC389629E20D}.AppStore|ARM.Deploy.0 = Release|Any CPU
		{729112DF-76C2-4621-AB12-CC389629E20D}.AppStore|iPhone.ActiveCfg = Release|Any CPU
		{729112DF-76C2-4621-AB12-CC389629E20D}.AppStore|iPhone.Build.0 = Release|Any CPU
		{729112DF-76C2-4621-AB12-CC389629E20D}.AppStore|iPhone.Deploy.0 = Release|Any CPU
		{729112DF-76C2-4621-AB12-CC389629E20D}.AppStore|iPhoneSimulator.ActiveCfg = Release|Any CPU
		{729112DF-76C2-4621-AB12-CC389629E20D}.AppStore|iPhoneSimulator.Build.0 = Release|Any CPU
		{729112DF-76C2-4621-AB12-CC389629E20D}.AppStore|iPhoneSimulator.Deploy.0 = Release|Any CPU
		{729112DF-76C2-4621-AB12-CC389629E20D}.AppStore|x64.ActiveCfg = Release|Any CPU
		{729112DF-76C2-4621-AB12-CC389629E20D}.AppStore|x64.Build.0 = Release|Any CPU
		{729112DF-76C2-4621-AB12-CC389629E20D}.AppStore|x64.Deploy.0 = Release|Any CPU
		{729112DF-76C2-4621-AB12-CC389629E20D}.AppStore|x86.ActiveCfg = Release|Any CPU
		{729112DF-76C2-4621-AB12-CC389629E20D}.AppStore|x86.Build.0 = Release|Any CPU
		{729112DF-76C2-4621-AB12-CC389629E20D}.AppStore|x86.Deploy.0 = Release|Any CPU
		{729112DF-76C2-4621-AB12-CC389629E20D}.Debug|Any CPU.ActiveCfg = Debug|Any CPU
		{729112DF-76C2-4621-AB12-CC389629E20D}.Debug|Any CPU.Build.0 = Debug|Any CPU
		{729112DF-76C2-4621-AB12-CC389629E20D}.Debug|Any CPU.Deploy.0 = Debug|Any CPU
		{729112DF-76C2-4621-AB12-CC389629E20D}.Debug|ARM.ActiveCfg = Debug|Any CPU
		{729112DF-76C2-4621-AB12-CC389629E20D}.Debug|ARM.Build.0 = Debug|Any CPU
		{729112DF-76C2-4621-AB12-CC389629E20D}.Debug|ARM.Deploy.0 = Debug|Any CPU
		{729112DF-76C2-4621-AB12-CC389629E20D}.Debug|iPhone.ActiveCfg = Debug|Any CPU
		{729112DF-76C2-4621-AB12-CC389629E20D}.Debug|iPhone.Build.0 = Debug|Any CPU
		{729112DF-76C2-4621-AB12-CC389629E20D}.Debug|iPhone.Deploy.0 = Debug|Any CPU
		{729112DF-76C2-4621-AB12-CC389629E20D}.Debug|iPhoneSimulator.ActiveCfg = Debug|Any CPU
		{729112DF-76C2-4621-AB12-CC389629E20D}.Debug|iPhoneSimulator.Build.0 = Debug|Any CPU
		{729112DF-76C2-4621-AB12-CC389629E20D}.Debug|iPhoneSimulator.Deploy.0 = Debug|Any CPU
		{729112DF-76C2-4621-AB12-CC389629E20D}.Debug|x64.ActiveCfg = Debug|Any CPU
		{729112DF-76C2-4621-AB12-CC389629E20D}.Debug|x64.Build.0 = Debug|Any CPU
		{729112DF-76C2-4621-AB12-CC389629E20D}.Debug|x64.Deploy.0 = Debug|Any CPU
		{729112DF-76C2-4621-AB12-CC389629E20D}.Debug|x86.ActiveCfg = Debug|Any CPU
		{729112DF-76C2-4621-AB12-CC389629E20D}.Debug|x86.Build.0 = Debug|Any CPU
		{729112DF-76C2-4621-AB12-CC389629E20D}.Debug|x86.Deploy.0 = Debug|Any CPU
		{729112DF-76C2-4621-AB12-CC389629E20D}.Release|Any CPU.ActiveCfg = Release|Any CPU
		{729112DF-76C2-4621-AB12-CC389629E20D}.Release|Any CPU.Build.0 = Release|Any CPU
		{729112DF-76C2-4621-AB12-CC389629E20D}.Release|Any CPU.Deploy.0 = Release|Any CPU
		{729112DF-76C2-4621-AB12-CC389629E20D}.Release|ARM.ActiveCfg = Release|Any CPU
		{729112DF-76C2-4621-AB12-CC389629E20D}.Release|ARM.Build.0 = Release|Any CPU
		{729112DF-76C2-4621-AB12-CC389629E20D}.Release|ARM.Deploy.0 = Release|Any CPU
		{729112DF-76C2-4621-AB12-CC389629E20D}.Release|iPhone.ActiveCfg = Release|Any CPU
		{729112DF-76C2-4621-AB12-CC389629E20D}.Release|iPhone.Build.0 = Release|Any CPU
		{729112DF-76C2-4621-AB12-CC389629E20D}.Release|iPhone.Deploy.0 = Release|Any CPU
		{729112DF-76C2-4621-AB12-CC389629E20D}.Release|iPhoneSimulator.ActiveCfg = Release|Any CPU
		{729112DF-76C2-4621-AB12-CC389629E20D}.Release|iPhoneSimulator.Build.0 = Release|Any CPU
		{729112DF-76C2-4621-AB12-CC389629E20D}.Release|iPhoneSimulator.Deploy.0 = Release|Any CPU
		{729112DF-76C2-4621-AB12-CC389629E20D}.Release|x64.ActiveCfg = Release|Any CPU
		{729112DF-76C2-4621-AB12-CC389629E20D}.Release|x64.Build.0 = Release|Any CPU
		{729112DF-76C2-4621-AB12-CC389629E20D}.Release|x64.Deploy.0 = Release|Any CPU
		{729112DF-76C2-4621-AB12-CC389629E20D}.Release|x86.ActiveCfg = Release|Any CPU
		{729112DF-76C2-4621-AB12-CC389629E20D}.Release|x86.Build.0 = Release|Any CPU
		{729112DF-76C2-4621-AB12-CC389629E20D}.Release|x86.Deploy.0 = Release|Any CPU
		{D4814037-D7F7-4C3B-AF2A-00D989F2425C}.Ad-Hoc|Any CPU.ActiveCfg = Ad-Hoc|iPhone
		{D4814037-D7F7-4C3B-AF2A-00D989F2425C}.Ad-Hoc|ARM.ActiveCfg = Ad-Hoc|iPhone
		{D4814037-D7F7-4C3B-AF2A-00D989F2425C}.Ad-Hoc|iPhone.ActiveCfg = Ad-Hoc|iPhone
		{D4814037-D7F7-4C3B-AF2A-00D989F2425C}.Ad-Hoc|iPhone.Build.0 = Ad-Hoc|iPhone
		{D4814037-D7F7-4C3B-AF2A-00D989F2425C}.Ad-Hoc|iPhoneSimulator.ActiveCfg = Ad-Hoc|iPhoneSimulator
		{D4814037-D7F7-4C3B-AF2A-00D989F2425C}.Ad-Hoc|iPhoneSimulator.Build.0 = Ad-Hoc|iPhoneSimulator
		{D4814037-D7F7-4C3B-AF2A-00D989F2425C}.Ad-Hoc|x64.ActiveCfg = Ad-Hoc|iPhone
		{D4814037-D7F7-4C3B-AF2A-00D989F2425C}.Ad-Hoc|x86.ActiveCfg = Ad-Hoc|iPhone
		{D4814037-D7F7-4C3B-AF2A-00D989F2425C}.AppStore|Any CPU.ActiveCfg = AppStore|iPhone
		{D4814037-D7F7-4C3B-AF2A-00D989F2425C}.AppStore|ARM.ActiveCfg = AppStore|iPhone
		{D4814037-D7F7-4C3B-AF2A-00D989F2425C}.AppStore|iPhone.ActiveCfg = AppStore|iPhone
		{D4814037-D7F7-4C3B-AF2A-00D989F2425C}.AppStore|iPhone.Build.0 = AppStore|iPhone
		{D4814037-D7F7-4C3B-AF2A-00D989F2425C}.AppStore|iPhoneSimulator.ActiveCfg = AppStore|iPhoneSimulator
		{D4814037-D7F7-4C3B-AF2A-00D989F2425C}.AppStore|iPhoneSimulator.Build.0 = AppStore|iPhoneSimulator
		{D4814037-D7F7-4C3B-AF2A-00D989F2425C}.AppStore|x64.ActiveCfg = AppStore|iPhone
		{D4814037-D7F7-4C3B-AF2A-00D989F2425C}.AppStore|x86.ActiveCfg = AppStore|iPhone
		{D4814037-D7F7-4C3B-AF2A-00D989F2425C}.Debug|Any CPU.ActiveCfg = Debug|iPhone
		{D4814037-D7F7-4C3B-AF2A-00D989F2425C}.Debug|ARM.ActiveCfg = Debug|iPhone
		{D4814037-D7F7-4C3B-AF2A-00D989F2425C}.Debug|iPhone.ActiveCfg = Debug|iPhone
		{D4814037-D7F7-4C3B-AF2A-00D989F2425C}.Debug|iPhone.Build.0 = Debug|iPhone
		{D4814037-D7F7-4C3B-AF2A-00D989F2425C}.Debug|iPhoneSimulator.ActiveCfg = Debug|iPhoneSimulator
		{D4814037-D7F7-4C3B-AF2A-00D989F2425C}.Debug|iPhoneSimulator.Build.0 = Debug|iPhoneSimulator
		{D4814037-D7F7-4C3B-AF2A-00D989F2425C}.Debug|x64.ActiveCfg = Debug|iPhone
		{D4814037-D7F7-4C3B-AF2A-00D989F2425C}.Debug|x86.ActiveCfg = Debug|iPhone
		{D4814037-D7F7-4C3B-AF2A-00D989F2425C}.Release|Any CPU.ActiveCfg = Release|iPhone
		{D4814037-D7F7-4C3B-AF2A-00D989F2425C}.Release|ARM.ActiveCfg = Release|iPhone
		{D4814037-D7F7-4C3B-AF2A-00D989F2425C}.Release|iPhone.ActiveCfg = Release|iPhone
		{D4814037-D7F7-4C3B-AF2A-00D989F2425C}.Release|iPhone.Build.0 = Release|iPhone
		{D4814037-D7F7-4C3B-AF2A-00D989F2425C}.Release|iPhoneSimulator.ActiveCfg = Release|iPhoneSimulator
		{D4814037-D7F7-4C3B-AF2A-00D989F2425C}.Release|iPhoneSimulator.Build.0 = Release|iPhoneSimulator
		{D4814037-D7F7-4C3B-AF2A-00D989F2425C}.Release|x64.ActiveCfg = Release|iPhone
		{D4814037-D7F7-4C3B-AF2A-00D989F2425C}.Release|x86.ActiveCfg = Release|iPhone
		{A82498F7-F0B3-4F62-8CFA-BFDEBCF60140}.Ad-Hoc|Any CPU.ActiveCfg = Release|x86
		{A82498F7-F0B3-4F62-8CFA-BFDEBCF60140}.Ad-Hoc|Any CPU.Build.0 = Release|x86
		{A82498F7-F0B3-4F62-8CFA-BFDEBCF60140}.Ad-Hoc|Any CPU.Deploy.0 = Release|x86
		{A82498F7-F0B3-4F62-8CFA-BFDEBCF60140}.Ad-Hoc|ARM.ActiveCfg = Release|ARM
		{A82498F7-F0B3-4F62-8CFA-BFDEBCF60140}.Ad-Hoc|ARM.Build.0 = Release|ARM
		{A82498F7-F0B3-4F62-8CFA-BFDEBCF60140}.Ad-Hoc|ARM.Deploy.0 = Release|ARM
		{A82498F7-F0B3-4F62-8CFA-BFDEBCF60140}.Ad-Hoc|iPhone.ActiveCfg = Release|x86
		{A82498F7-F0B3-4F62-8CFA-BFDEBCF60140}.Ad-Hoc|iPhone.Build.0 = Release|x86
		{A82498F7-F0B3-4F62-8CFA-BFDEBCF60140}.Ad-Hoc|iPhone.Deploy.0 = Release|x86
		{A82498F7-F0B3-4F62-8CFA-BFDEBCF60140}.Ad-Hoc|iPhoneSimulator.ActiveCfg = Release|x86
		{A82498F7-F0B3-4F62-8CFA-BFDEBCF60140}.Ad-Hoc|iPhoneSimulator.Build.0 = Release|x86
		{A82498F7-F0B3-4F62-8CFA-BFDEBCF60140}.Ad-Hoc|iPhoneSimulator.Deploy.0 = Release|x86
		{A82498F7-F0B3-4F62-8CFA-BFDEBCF60140}.Ad-Hoc|x64.ActiveCfg = Release|x64
		{A82498F7-F0B3-4F62-8CFA-BFDEBCF60140}.Ad-Hoc|x64.Build.0 = Release|x64
		{A82498F7-F0B3-4F62-8CFA-BFDEBCF60140}.Ad-Hoc|x64.Deploy.0 = Release|x64
		{A82498F7-F0B3-4F62-8CFA-BFDEBCF60140}.Ad-Hoc|x86.ActiveCfg = Release|x86
		{A82498F7-F0B3-4F62-8CFA-BFDEBCF60140}.Ad-Hoc|x86.Build.0 = Release|x86
		{A82498F7-F0B3-4F62-8CFA-BFDEBCF60140}.Ad-Hoc|x86.Deploy.0 = Release|x86
		{A82498F7-F0B3-4F62-8CFA-BFDEBCF60140}.AppStore|Any CPU.ActiveCfg = Release|x86
		{A82498F7-F0B3-4F62-8CFA-BFDEBCF60140}.AppStore|Any CPU.Build.0 = Release|x86
		{A82498F7-F0B3-4F62-8CFA-BFDEBCF60140}.AppStore|Any CPU.Deploy.0 = Release|x86
		{A82498F7-F0B3-4F62-8CFA-BFDEBCF60140}.AppStore|ARM.ActiveCfg = Release|ARM
		{A82498F7-F0B3-4F62-8CFA-BFDEBCF60140}.AppStore|ARM.Build.0 = Release|ARM
		{A82498F7-F0B3-4F62-8CFA-BFDEBCF60140}.AppStore|ARM.Deploy.0 = Release|ARM
		{A82498F7-F0B3-4F62-8CFA-BFDEBCF60140}.AppStore|iPhone.ActiveCfg = Release|x86
		{A82498F7-F0B3-4F62-8CFA-BFDEBCF60140}.AppStore|iPhone.Build.0 = Release|x86
		{A82498F7-F0B3-4F62-8CFA-BFDEBCF60140}.AppStore|iPhone.Deploy.0 = Release|x86
		{A82498F7-F0B3-4F62-8CFA-BFDEBCF60140}.AppStore|iPhoneSimulator.ActiveCfg = Release|x86
		{A82498F7-F0B3-4F62-8CFA-BFDEBCF60140}.AppStore|iPhoneSimulator.Build.0 = Release|x86
		{A82498F7-F0B3-4F62-8CFA-BFDEBCF60140}.AppStore|iPhoneSimulator.Deploy.0 = Release|x86
		{A82498F7-F0B3-4F62-8CFA-BFDEBCF60140}.AppStore|x64.ActiveCfg = Release|x64
		{A82498F7-F0B3-4F62-8CFA-BFDEBCF60140}.AppStore|x64.Build.0 = Release|x64
		{A82498F7-F0B3-4F62-8CFA-BFDEBCF60140}.AppStore|x64.Deploy.0 = Release|x64
		{A82498F7-F0B3-4F62-8CFA-BFDEBCF60140}.AppStore|x86.ActiveCfg = Release|x86
		{A82498F7-F0B3-4F62-8CFA-BFDEBCF60140}.AppStore|x86.Build.0 = Release|x86
		{A82498F7-F0B3-4F62-8CFA-BFDEBCF60140}.AppStore|x86.Deploy.0 = Release|x86
		{A82498F7-F0B3-4F62-8CFA-BFDEBCF60140}.Debug|Any CPU.ActiveCfg = Debug|x86
		{A82498F7-F0B3-4F62-8CFA-BFDEBCF60140}.Debug|ARM.ActiveCfg = Debug|ARM
		{A82498F7-F0B3-4F62-8CFA-BFDEBCF60140}.Debug|ARM.Build.0 = Debug|ARM
		{A82498F7-F0B3-4F62-8CFA-BFDEBCF60140}.Debug|ARM.Deploy.0 = Debug|ARM
		{A82498F7-F0B3-4F62-8CFA-BFDEBCF60140}.Debug|iPhone.ActiveCfg = Debug|x86
		{A82498F7-F0B3-4F62-8CFA-BFDEBCF60140}.Debug|iPhoneSimulator.ActiveCfg = Debug|x86
		{A82498F7-F0B3-4F62-8CFA-BFDEBCF60140}.Debug|x64.ActiveCfg = Debug|x64
		{A82498F7-F0B3-4F62-8CFA-BFDEBCF60140}.Debug|x64.Build.0 = Debug|x64
		{A82498F7-F0B3-4F62-8CFA-BFDEBCF60140}.Debug|x64.Deploy.0 = Debug|x64
		{A82498F7-F0B3-4F62-8CFA-BFDEBCF60140}.Debug|x86.ActiveCfg = Debug|x86
		{A82498F7-F0B3-4F62-8CFA-BFDEBCF60140}.Debug|x86.Build.0 = Debug|x86
		{A82498F7-F0B3-4F62-8CFA-BFDEBCF60140}.Debug|x86.Deploy.0 = Debug|x86
		{A82498F7-F0B3-4F62-8CFA-BFDEBCF60140}.Release|Any CPU.ActiveCfg = Release|x86
		{A82498F7-F0B3-4F62-8CFA-BFDEBCF60140}.Release|ARM.ActiveCfg = Release|ARM
		{A82498F7-F0B3-4F62-8CFA-BFDEBCF60140}.Release|ARM.Build.0 = Release|ARM
		{A82498F7-F0B3-4F62-8CFA-BFDEBCF60140}.Release|ARM.Deploy.0 = Release|ARM
		{A82498F7-F0B3-4F62-8CFA-BFDEBCF60140}.Release|iPhone.ActiveCfg = Release|x86
		{A82498F7-F0B3-4F62-8CFA-BFDEBCF60140}.Release|iPhoneSimulator.ActiveCfg = Release|x86
		{A82498F7-F0B3-4F62-8CFA-BFDEBCF60140}.Release|x64.ActiveCfg = Release|x64
		{A82498F7-F0B3-4F62-8CFA-BFDEBCF60140}.Release|x64.Build.0 = Release|x64
		{A82498F7-F0B3-4F62-8CFA-BFDEBCF60140}.Release|x64.Deploy.0 = Release|x64
		{A82498F7-F0B3-4F62-8CFA-BFDEBCF60140}.Release|x86.ActiveCfg = Release|x86
		{A82498F7-F0B3-4F62-8CFA-BFDEBCF60140}.Release|x86.Build.0 = Release|x86
		{A82498F7-F0B3-4F62-8CFA-BFDEBCF60140}.Release|x86.Deploy.0 = Release|x86
		{C4016C26-1DB6-4D60-B425-973B6179697A}.Ad-Hoc|Any CPU.ActiveCfg = Debug|Any CPU
		{C4016C26-1DB6-4D60-B425-973B6179697A}.Ad-Hoc|Any CPU.Build.0 = Debug|Any CPU
		{C4016C26-1DB6-4D60-B425-973B6179697A}.Ad-Hoc|ARM.ActiveCfg = Debug|Any CPU
		{C4016C26-1DB6-4D60-B425-973B6179697A}.Ad-Hoc|ARM.Build.0 = Debug|Any CPU
		{C4016C26-1DB6-4D60-B425-973B6179697A}.Ad-Hoc|iPhone.ActiveCfg = Debug|Any CPU
		{C4016C26-1DB6-4D60-B425-973B6179697A}.Ad-Hoc|iPhone.Build.0 = Debug|Any CPU
		{C4016C26-1DB6-4D60-B425-973B6179697A}.Ad-Hoc|iPhoneSimulator.ActiveCfg = Debug|Any CPU
		{C4016C26-1DB6-4D60-B425-973B6179697A}.Ad-Hoc|iPhoneSimulator.Build.0 = Debug|Any CPU
		{C4016C26-1DB6-4D60-B425-973B6179697A}.Ad-Hoc|x64.ActiveCfg = Debug|Any CPU
		{C4016C26-1DB6-4D60-B425-973B6179697A}.Ad-Hoc|x64.Build.0 = Debug|Any CPU
		{C4016C26-1DB6-4D60-B425-973B6179697A}.Ad-Hoc|x86.ActiveCfg = Debug|Any CPU
		{C4016C26-1DB6-4D60-B425-973B6179697A}.Ad-Hoc|x86.Build.0 = Debug|Any CPU
		{C4016C26-1DB6-4D60-B425-973B6179697A}.AppStore|Any CPU.ActiveCfg = Debug|Any CPU
		{C4016C26-1DB6-4D60-B425-973B6179697A}.AppStore|Any CPU.Build.0 = Debug|Any CPU
		{C4016C26-1DB6-4D60-B425-973B6179697A}.AppStore|ARM.ActiveCfg = Debug|Any CPU
		{C4016C26-1DB6-4D60-B425-973B6179697A}.AppStore|ARM.Build.0 = Debug|Any CPU
		{C4016C26-1DB6-4D60-B425-973B6179697A}.AppStore|iPhone.ActiveCfg = Debug|Any CPU
		{C4016C26-1DB6-4D60-B425-973B6179697A}.AppStore|iPhone.Build.0 = Debug|Any CPU
		{C4016C26-1DB6-4D60-B425-973B6179697A}.AppStore|iPhoneSimulator.ActiveCfg = Debug|Any CPU
		{C4016C26-1DB6-4D60-B425-973B6179697A}.AppStore|iPhoneSimulator.Build.0 = Debug|Any CPU
		{C4016C26-1DB6-4D60-B425-973B6179697A}.AppStore|x64.ActiveCfg = Debug|Any CPU
		{C4016C26-1DB6-4D60-B425-973B6179697A}.AppStore|x64.Build.0 = Debug|Any CPU
		{C4016C26-1DB6-4D60-B425-973B6179697A}.AppStore|x86.ActiveCfg = Debug|Any CPU
		{C4016C26-1DB6-4D60-B425-973B6179697A}.AppStore|x86.Build.0 = Debug|Any CPU
		{C4016C26-1DB6-4D60-B425-973B6179697A}.Debug|Any CPU.ActiveCfg = Debug|Any CPU
		{C4016C26-1DB6-4D60-B425-973B6179697A}.Debug|Any CPU.Build.0 = Debug|Any CPU
		{C4016C26-1DB6-4D60-B425-973B6179697A}.Debug|ARM.ActiveCfg = Debug|Any CPU
		{C4016C26-1DB6-4D60-B425-973B6179697A}.Debug|ARM.Build.0 = Debug|Any CPU
		{C4016C26-1DB6-4D60-B425-973B6179697A}.Debug|iPhone.ActiveCfg = Debug|Any CPU
		{C4016C26-1DB6-4D60-B425-973B6179697A}.Debug|iPhone.Build.0 = Debug|Any CPU
		{C4016C26-1DB6-4D60-B425-973B6179697A}.Debug|iPhoneSimulator.ActiveCfg = Debug|Any CPU
		{C4016C26-1DB6-4D60-B425-973B6179697A}.Debug|iPhoneSimulator.Build.0 = Debug|Any CPU
		{C4016C26-1DB6-4D60-B425-973B6179697A}.Debug|x64.ActiveCfg = Debug|Any CPU
		{C4016C26-1DB6-4D60-B425-973B6179697A}.Debug|x64.Build.0 = Debug|Any CPU
		{C4016C26-1DB6-4D60-B425-973B6179697A}.Debug|x86.ActiveCfg = Debug|Any CPU
		{C4016C26-1DB6-4D60-B425-973B6179697A}.Debug|x86.Build.0 = Debug|Any CPU
		{C4016C26-1DB6-4D60-B425-973B6179697A}.Release|Any CPU.ActiveCfg = Release|Any CPU
		{C4016C26-1DB6-4D60-B425-973B6179697A}.Release|Any CPU.Build.0 = Release|Any CPU
		{C4016C26-1DB6-4D60-B425-973B6179697A}.Release|ARM.ActiveCfg = Release|Any CPU
		{C4016C26-1DB6-4D60-B425-973B6179697A}.Release|ARM.Build.0 = Release|Any CPU
		{C4016C26-1DB6-4D60-B425-973B6179697A}.Release|iPhone.ActiveCfg = Release|Any CPU
		{C4016C26-1DB6-4D60-B425-973B6179697A}.Release|iPhone.Build.0 = Release|Any CPU
		{C4016C26-1DB6-4D60-B425-973B6179697A}.Release|iPhoneSimulator.ActiveCfg = Release|Any CPU
		{C4016C26-1DB6-4D60-B425-973B6179697A}.Release|iPhoneSimulator.Build.0 = Release|Any CPU
		{C4016C26-1DB6-4D60-B425-973B6179697A}.Release|x64.ActiveCfg = Release|Any CPU
		{C4016C26-1DB6-4D60-B425-973B6179697A}.Release|x64.Build.0 = Release|Any CPU
		{C4016C26-1DB6-4D60-B425-973B6179697A}.Release|x86.ActiveCfg = Release|Any CPU
		{C4016C26-1DB6-4D60-B425-973B6179697A}.Release|x86.Build.0 = Release|Any CPU
	EndGlobalSection
	GlobalSection(SolutionProperties) = preSolution
		HideSolutionNode = FALSE
	EndGlobalSection
	GlobalSection(ExtensibilityGlobals) = postSolution
		SolutionGuid = {E53DD335-7708-412A-8F63-4778416825FE}
	EndGlobalSection
EndGlobal
